{
  "requires": true,
  "lockfileVersion": 1,
  "dependencies": {
    "ephemeris": {
      "version": "2.0.0",
      "resolved": "https://registry.npmjs.org/ephemeris/-/ephemeris-2.0.0.tgz",
      "integrity": "sha512-8oFbRk4kmfRiOEEbSrGKdi2dJw9+S17ESy8HREi5RYzbaVHICHWHCT54bSpeyr4Xt2Qj0PkM2Odl7uLHKQwEwg=="
    }
  }
}
